{
    "_readme": [
        "This file locks the dependencies of your project to a known state",
        "Read more about it at https://getcomposer.org/doc/01-basic-usage.md#installing-dependencies",
        "This file is @generated automatically"
    ],
    "content-hash": "d57df0063bf1cecd28ee966e9c6c39bf",
    "packages": [
        {
            "name": "sms77/api",
            "version": "dev-master",
            "source": {
                "type": "git",
                "url": "https://github.com/sms77io/php-api.git",
                "reference": "8d46be72cecb6283f4597924573c145be57c93db"
            },
            "dist": {
                "type": "zip",
                "url": "https://api.github.com/repos/sms77io/php-api/zipball/8d46be72cecb6283f4597924573c145be57c93db",
                "reference": "8d46be72cecb6283f4597924573c145be57c93db",
                "shasum": ""
            },
            "require": {
                "ext-ctype": "*",
                "ext-curl": "*",
                "ext-mbstring": "*",
                "php": ">=5.6.0"
            },
            "require-dev": {
                "ext-json": "*",
                "ext-simplexml": "*",
                "ext-soap": "*",
                "phpunit/phpunit": "5.7.27"
            },
            "type": "library",
            "autoload": {
                "psr-4": {
                    "Sms77\\Api\\": "src/"
                }
            },
            "notification-url": "https://packagist.org/downloads/",
            "license": [
                "MIT"
            ],
            "authors": [
                {
                    "name": "André Matthies",
                    "email": "a.matthies@sms77.io",
                    "homepage": "http://www.sms77.io",
                    "role": "Developer"
                }
            ],
            "description": "A simple PHP library for making CURL requests to the sms77.io gateway.",
            "homepage": "https://github.com/sms77io/php-api",
            "keywords": [
                "2fa",
                "gateway",
                "sms"
            ],
            "time": "2020-09-04T13:17:31+00:00"
        }
    ],
    "packages-dev": [],
    "aliases": [],
    "minimum-stability": "dev",
    "stability-flags": {
        "sms77/api": 20
    },
    "prefer-stable": true,
    "prefer-lowest": false,
    "platform": {
        "php": ">=5.6.0",
        "ext-json": "*",
        "ext-pdo": "*"
    },
    "platform-dev": [],
    "plugin-api-version": "1.1.0"
}
