{
    "_readme": [
        "This file locks the dependencies of your project to a known state",
        "Read more about it at https://getcomposer.org/doc/01-basic-usage.md#installing-dependencies",
        "This file is @generated automatically"
    ],
    "content-hash": "872c86f7ff7417d24305124c0a380d60",
    "packages": [
        {
            "name": "sms77/api",
            "version": "dev-master",
            "source": {
                "type": "git",
                "url": "https://github.com/sms77io/php-api-wrapper.git",
                "reference": "3758b054739eaf4253528d9b9b970939b19f9f81"
            },
            "dist": {
                "type": "zip",
                "url": "https://api.github.com/repos/sms77io/php-api-wrapper/zipball/3758b054739eaf4253528d9b9b970939b19f9f81",
                "reference": "3758b054739eaf4253528d9b9b970939b19f9f81",
                "shasum": ""
            },
            "require": {
                "ext-ctype": "*",
                "ext-curl": "*"
            },
            "require-dev": {
                "ext-json": "*",
                "ext-simplexml": "*",
                "ext-soap": "*",
                "phpunit/phpunit": "^8"
            },
            "type": "library",
            "autoload": {
                "psr-4": {
                    "Sms77\\Api\\": "src/"
                }
            },
            "notification-url": "https://packagist.org/downloads/",
            "license": [
                "MIT"
            ],
            "authors": [
                {
                    "name": "Sms77",
                    "email": "info@sms77.io"
                }
            ],
            "description": "A simple PHP library for making CURL requests to sms77.io gateway.",
            "time": "2019-12-11T09:34:45+00:00"
        }
    ],
    "packages-dev": [],
    "aliases": [],
    "minimum-stability": "stable",
    "stability-flags": {
        "sms77/api": 20
    },
    "prefer-stable": false,
    "prefer-lowest": false,
    "platform": {
        "php": ">=5.6.0"
    },
    "platform-dev": []
}
